
Microsoft Visual Studio Solution File, Format Version 12.00
# Visual Studio Version 16
VisualStudioVersion = 16.0.31515.178
MinimumVisualStudioVersion = 10.0.40219.1
Project("{FAE04EC0-301F-11D3-BF4B-00C04F79EFBC}") = "AutoMapperTest", "AutoMapperTest\AutoMapperTest.csproj", "{E3CD7E31-495B-4BD2-856C-A0CD26E34574}"
EndProject
Project("{FAE04EC0-301F-11D3-BF4B-00C04F79EFBC}") = "AutoMapperTestData.assembly", "AutoMapperTestData.assembly\AutoMapperTestData.assembly.csproj", "{92905C30-1C78-4C4F-A23C-5825EBE41B69}"
EndProject
Global
	GlobalSection(SolutionConfigurationPlatforms) = preSolution
		Debug|Any CPU = Debug|Any CPU
		Release|Any CPU = Release|Any CPU
	EndGlobalSection
	GlobalSection(ProjectConfigurationPlatforms) = postSolution
		{E3CD7E31-495B-4BD2-856C-A0CD26E34574}.Debug|Any CPU.ActiveCfg = Debug|Any CPU
		{E3CD7E31-495B-4BD2-856C-A0CD26E34574}.Debug|Any CPU.Build.0 = Debug|Any CPU
		{E3CD7E31-495B-4BD2-856C-A0CD26E34574}.Release|Any CPU.ActiveCfg = Release|Any CPU
		{E3CD7E31-495B-4BD2-856C-A0CD26E34574}.Release|Any CPU.Build.0 = Release|Any CPU
		{92905C30-1C78-4C4F-A23C-5825EBE41B69}.Debug|Any CPU.ActiveCfg = Debug|Any CPU
		{92905C30-1C78-4C4F-A23C-5825EBE41B69}.Debug|Any CPU.Build.0 = Debug|Any CPU
		{92905C30-1C78-4C4F-A23C-5825EBE41B69}.Release|Any CPU.ActiveCfg = Release|Any CPU
		{92905C30-1C78-4C4F-A23C-5825EBE41B69}.Release|Any CPU.Build.0 = Release|Any CPU
	EndGlobalSection
	GlobalSection(SolutionProperties) = preSolution
		HideSolutionNode = FALSE
	EndGlobalSection
	GlobalSection(ExtensibilityGlobals) = postSolution
		SolutionGuid = {9676C776-45D6-4EE8-930C-8FBCE2A9FBCE}
	EndGlobalSection
EndGlobal
